
Microsoft Visual Studio Solution File, Format Version 12.00
# Visual Studio 15
VisualStudioVersion = 15.0.27130.2024
MinimumVisualStudioVersion = 10.0.40219.1
Project("{8BC9CEB8-8B4A-11D0-8D11-00A0C91BC942}") = "ImageProcessing_OpenCV", "ImageProcessing_OpenCV\ImageProcessing_OpenCV.vcxproj", "{ECCACB20-EC61-4710-BBF9-606912C302A3}"
EndProject
Global
	GlobalSection(SolutionConfigurationPlatforms) = preSolution
		Debug|x64 = Debug|x64
		Debug|x86 = Debug|x86
		Release|x64 = Release|x64
		Release|x86 = Release|x86
	EndGlobalSection
	GlobalSection(ProjectConfigurationPlatforms) = postSolution
		{ECCACB20-EC61-4710-BBF9-606912C302A3}.Debug|x64.ActiveCfg = Debug|x64
		{ECCACB20-EC61-4710-BBF9-606912C302A3}.Debug|x64.Build.0 = Debug|x64
		{ECCACB20-EC61-4710-BBF9-606912C302A3}.Debug|x86.ActiveCfg = Debug|Win32
		{ECCACB20-EC61-4710-BBF9-606912C302A3}.Debug|x86.Build.0 = Debug|Win32
		{ECCACB20-EC61-4710-BBF9-606912C302A3}.Release|x64.ActiveCfg = Release|x64
		{ECCACB20-EC61-4710-BBF9-606912C302A3}.Release|x64.Build.0 = Release|x64
		{ECCACB20-EC61-4710-BBF9-606912C302A3}.Release|x86.ActiveCfg = Release|Win32
		{ECCACB20-EC61-4710-BBF9-606912C302A3}.Release|x86.Build.0 = Release|Win32
	EndGlobalSection
	GlobalSection(SolutionProperties) = preSolution
		HideSolutionNode = FALSE
	EndGlobalSection
	GlobalSection(ExtensibilityGlobals) = postSolution
		SolutionGuid = {0C0E4A88-2D20-4E18-9BF6-D368072378B9}
	EndGlobalSection
EndGlobal
